// !$*UTF8*$!
{
	archiveVersion = 1;
	classes = {
	};
	objectVersion = 46;
	objects = {

/* Begin PBXBuildFile section */
		65D22AD3202CB4CA00794311 /* AppDelegate.swift in Sources */ = {isa = PBXBuildFile; fileRef = 65D22AD2202CB4CA00794311 /* AppDelegate.swift */; };
		65D22AD5202CB4CA00794311 /* ViewController.swift in Sources */ = {isa = PBXBuildFile; fileRef = 65D22AD4202CB4CA00794311 /* ViewController.swift */; };
		65D22AD8202CB4CA00794311 /* Main.storyboard in Resources */ = {isa = PBXBuildFile; fileRef = 65D22AD6202CB4CA00794311 /* Main.storyboard */; };
		65D22ADA202CB4CA00794311 /* Assets.xcassets in Resources */ = {isa = PBXBuildFile; fileRef = 65D22AD9202CB4CA00794311 /* Assets.xcassets */; };
		65D22ADD202CB4CA00794311 /* LaunchScreen.storyboard in Resources */ = {isa = PBXBuildFile; fileRef = 65D22ADB202CB4CA00794311 /* LaunchScreen.storyboard */; };
		65D22AE8202CB4CA00794311 /* tumblrTests.swift in Sources */ = {isa = PBXBuildFile; fileRef = 65D22AE7202CB4CA00794311 /* tumblrTests.swift */; };
		65D22AF3202CB4CA00794311 /* tumblrUITests.swift in Sources */ = {isa = PBXBuildFile; fileRef = 65D22AF2202CB4CA00794311 /* tumblrUITests.swift */; };
/* End PBXBuildFile section */

/* Begin PBXContainerItemProxy section */
		65D22AE4202CB4CA00794311 /* PBXContainerItemProxy */ = {
			isa = PBXContainerItemProxy;
			containerPortal = 65D22AC7202CB4CA00794311 /* Project object */;
			proxyType = 1;
			remoteGlobalIDString = 65D22ACE202CB4CA00794311;
			remoteInfo = tumblr;
		};
		65D22AEF202CB4CA00794311 /* PBXContainerItemProxy */ = {
			isa = PBXContainerItemProxy;
			containerPortal = 65D22AC7202CB4CA00794311 /* Project object */;
			proxyType = 1;
			remoteGlobalIDString = 65D22ACE202CB4CA00794311;
			remoteInfo = tumblr;
		};
/* End PBXContainerItemProxy section */

/* Begin PBXFileReference section */
		65D22ACF202CB4CA00794311 /* tumblr.app */ = {isa = PBXFileReference; explicitFileType = wrapper.application; includeInIndex = 0; path = tumblr.app; sourceTree = BUILT_PRODUCTS_DIR; };
		65D22AD2202CB4CA00794311 /* AppDelegate.swift */ = {isa = PBXFileReference; lastKnownFileType = sourcecode.swift; path = AppDelegate.swift; sourceTree = "<group>"; };
		65D22AD4202CB4CA00794311 /* ViewController.swift */ = {isa = PBXFileReference; lastKnownFileType = sourcecode.swift; path = ViewController.swift; sourceTree = "<group>"; };
		65D22AD7202CB4CA00794311 /* Base */ = {isa = PBXFileReference; lastKnownFileType = file.storyboard; name = Base; path = Base.lproj/Main.storyboard; sourceTree = "<group>"; };
		65D22AD9202CB4CA00794311 /* Assets.xcassets */ = {isa = PBXFileReference; lastKnownFileType = folder.assetcatalog; path = Assets.xcassets; sourceTree = "<group>"; };
		65D22ADC202CB4CA00794311 /* Base */ = {isa = PBXFileReference; lastKnownFileType = file.storyboard; name = Base; path = Base.lproj/LaunchScreen.storyboard; sourceTree = "<group>"; };
		65D22ADE202CB4CA00794311 /* Info.plist */ = {isa = PBXFileReference; lastKnownFileType = text.plist.xml; path = Info.plist; sourceTree = "<group>"; };
		65D22AE3202CB4CA00794311 /* tumblrTests.xctest */ = {isa = PBXFileReference; explicitFileType = wrapper.cfbundle; includeInIndex = 0; path = tumblrTests.xctest; sourceTree = BUILT_PRODUCTS_DIR; };
		65D22AE7202CB4CA00794311 /* tumblrTests.swift */ = {isa = PBXFileReference; lastKnownFileType = sourcecode.swift; path = tumblrTests.swift; sourceTree = "<group>"; };
		65D22AE9202CB4CA00794311 /* Info.plist */ = {isa = PBXFileReference; lastKnownFileType = text.plist.xml; path = Info.plist; sourceTree = "<group>"; };
		65D22AEE202CB4CA00794311 /* tumblrUITests.xctest */ = {isa = PBXFileReference; explicitFileType = wrapper.cfbundle; includeInIndex = 0; path = tumblrUITests.xctest; sourceTree = BUILT_PRODUCTS_DIR; };
		65D22AF2202CB4CA00794311 /* tumblrUITests.swift */ = {isa = PBXFileReference; lastKnownFileType = sourcecode.swift; path = tumblrUITests.swift; sourceTree = "<group>"; };
		65D22AF4202CB4CA00794311 /* Info.plist */ = {isa = PBXFileReference; lastKnownFileType = text.plist.xml; path = Info.plist; sourceTree = "<group>"; };
/* End PBXFileReference section */

/* Begin PBXFrameworksBuildPhase section */
		65D22ACC202CB4CA00794311 /* Frameworks */ = {
			isa = PBXFrameworksBuildPhase;
			buildActionMask = 2147483647;
			files = (
			);
			runOnlyForDeploymentPostprocessing = 0;
		};
		65D22AE0202CB4CA00794311 /* Frameworks */ = {
			isa = PBXFrameworksBuildPhase;
			buildActionMask = 2147483647;
			files = (
			);
			runOnlyForDeploymentPostprocessing = 0;
		};
		65D22AEB202CB4CA00794311 /* Frameworks */ = {
			isa = PBXFrameworksBuildPhase;
			buildActionMask = 2147483647;
			files = (
			);
			runOnlyForDeploymentPostprocessing = 0;
		};
/* End PBXFrameworksBuildPhase section */

/* Begin PBXGroup section */
		65D22AC6202CB4CA00794311 = {
			isa = PBXGroup;
			children = (
				65D22AD1202CB4CA00794311 /* tumblr */,
				65D22AE6202CB4CA00794311 /* tumblrTests */,
				65D22AF1202CB4CA00794311 /* tumblrUITests */,
				65D22AD0202CB4CA00794311 /* Products */,
			);
			sourceTree = "<group>";
		};
		65D22AD0202CB4CA00794311 /* Products */ = {
			isa = PBXGroup;
			children = (
				65D22ACF202CB4CA00794311 /* tumblr.app */,
				65D22AE3202CB4CA00794311 /* tumblrTests.xctest */,
				65D22AEE202CB4CA00794311 /* tumblrUITests.xctest */,
			);
			name = Products;
			sourceTree = "<group>";
		};
		65D22AD1202CB4CA00794311 /* tumblr */ = {
			isa = PBXGroup;
			children = (
				65D22AD2202CB4CA00794311 /* AppDelegate.swift */,
				65D22AD4202CB4CA00794311 /* ViewController.swift */,
				65D22AD6202CB4CA00794311 /* Main.storyboard */,
				65D22AD9202CB4CA00794311 /* Assets.xcassets */,
				65D22ADB202CB4CA00794311 /* LaunchScreen.storyboard */,
				65D22ADE202CB4CA00794311 /* Info.plist */,
			);
			path = tumblr;
			sourceTree = "<group>";
		};
		65D22AE6202CB4CA00794311 /* tumblrTests */ = {
			isa = PBXGroup;
			children = (
				65D22AE7202CB4CA00794311 /* tumblrTests.swift */,
				65D22AE9202CB4CA00794311 /* Info.plist */,
			);
			path = tumblrTests;
			sourceTree = "<group>";
		};
		65D22AF1202CB4CA00794311 /* tumblrUITests */ = {
			isa = PBXGroup;
			children = (
				65D22AF2202CB4CA00794311 /* tumblrUITests.swift */,
				65D22AF4202CB4CA00794311 /* Info.plist */,
			);
			path = tumblrUITests;
			sourceTree = "<group>";
		};
/* End PBXGroup section */

/* Begin PBXNativeTarget section */
		65D22ACE202CB4CA00794311 /* tumblr */ = {
			isa = PBXNativeTarget;
			buildConfigurationList = 65D22AF7202CB4CA00794311 /* Build configuration list for PBXNativeTarget "tumblr" */;
			buildPhases = (
				65D22ACB202CB4CA00794311 /* Sources */,
				65D22ACC202CB4CA00794311 /* Frameworks */,
				65D22ACD202CB4CA00794311 /* Resources */,
			);
			buildRules = (
			);
			dependencies = (
			);
			name = tumblr;
			productName = tumblr;
			productReference = 65D22ACF202CB4CA00794311 /* tumblr.app */;
			productType = "com.apple.product-type.application";
		};
		65D22AE2202CB4CA00794311 /* tumblrTests */ = {
			isa = PBXNativeTarget;
			buildConfigurationList = 65D22AFA202CB4CA00794311 /* Build configuration list for PBXNativeTarget "tumblrTests" */;
			buildPhases = (
				65D22ADF202CB4CA00794311 /* Sources */,
				65D22AE0202CB4CA00794311 /* Frameworks */,
				65D22AE1202CB4CA00794311 /* Resources */,
			);
			buildRules = (
			);
			dependencies = (
				65D22AE5202CB4CA00794311 /* PBXTargetDependency */,
			);
			name = tumblrTests;
			productName = tumblrTests;
			productReference = 65D22AE3202CB4CA00794311 /* tumblrTests.xctest */;
			productType = "com.apple.product-type.bundle.unit-test";
		};
		65D22AED202CB4CA00794311 /* tumblrUITests */ = {
			isa = PBXNativeTarget;
			buildConfigurationList = 65D22AFD202CB4CA00794311 /* Build configuration list for PBXNativeTarget "tumblrUITests" */;
			buildPhases = (
				65D22AEA202CB4CA00794311 /* Sources */,
				65D22AEB202CB4CA00794311 /* Frameworks */,
				65D22AEC202CB4CA00794311 /* Resources */,
			);
			buildRules = (
			);
			dependencies = (
				65D22AF0202CB4CA00794311 /* PBXTargetDependency */,
			);
			name = tumblrUITests;
			productName = tumblrUITests;
			productReference = 65D22AEE202CB4CA00794311 /* tumblrUITests.xctest */;
			productType = "com.apple.product-type.bundle.ui-testing";
		};
/* End PBXNativeTarget section */

/* Begin PBXProject section */
		65D22AC7202CB4CA00794311 /* Project object */ = {
			isa = PBXProject;
			attributes = {
				LastSwiftUpdateCheck = 0820;
				LastUpgradeCheck = 0820;
				ORGANIZATIONNAME = "Sudarshan Prajapati";
				TargetAttributes = {
					65D22ACE202CB4CA00794311 = {
						CreatedOnToolsVersion = 8.2.1;
						ProvisioningStyle = Automatic;
					};
					65D22AE2202CB4CA00794311 = {
						CreatedOnToolsVersion = 8.2.1;
						ProvisioningStyle = Automatic;
						TestTargetID = 65D22ACE202CB4CA00794311;
					};
					65D22AED202CB4CA00794311 = {
						CreatedOnToolsVersion = 8.2.1;
						ProvisioningStyle = Automatic;
						TestTargetID = 65D22ACE202CB4CA00794311;
					};
				};
			};
			buildConfigurationList = 65D22ACA202CB4CA00794311 /* Build configuration list for PBXProject "tumblr" */;
			compatibilityVersion = "Xcode 3.2";
			developmentRegion = English;
			hasScannedForEncodings = 0;
			knownRegions = (
				en,
				Base,
			);
			mainGroup = 65D22AC6202CB4CA00794311;
			productRefGroup = 65D22AD0202CB4CA00794311 /* Products */;
			projectDirPath = "";
			projectRoot = "";
			targets = (
				65D22ACE202CB4CA00794311 /* tumblr */,
				65D22AE2202CB4CA00794311 /* tumblrTests */,
				65D22AED202CB4CA00794311 /* tumblrUITests */,
			);
		};
/* End PBXProject section */

/* Begin PBXResourcesBuildPhase section */
		65D22ACD202CB4CA00794311 /* Resources */ = {
			isa = PBXResourcesBuildPhase;
			buildActionMask = 2147483647;
			files = (
				65D22ADD202CB4CA00794311 /* LaunchScreen.storyboard in Resources */,
				65D22ADA202CB4CA00794311 /* Assets.xcassets in Resources */,
				65D22AD8202CB4CA00794311 /* Main.storyboard in Resources */,
			);
			runOnlyForDeploymentPostprocessing = 0;
		};
		65D22AE1202CB4CA00794311 /* Resources */ = {
			isa = PBXResourcesBuildPhase;
			buildActionMask = 2147483647;
			files = (
			);
			runOnlyForDeploymentPostprocessing = 0;
		};
		65D22AEC202CB4CA00794311 /* Resources */ = {
			isa = PBXResourcesBuildPhase;
			buildActionMask = 2147483647;
			files = (
			);
			runOnlyForDeploymentPostprocessing = 0;
		};
/* End PBXResourcesBuildPhase section */

/* Begin PBXSourcesBuildPhase section */
		65D22ACB202CB4CA00794311 /* Sources */ = {
			isa = PBXSourcesBuildPhase;
			buildActionMask = 2147483647;
			files = (
				65D22AD5202CB4CA00794311 /* ViewController.swift in Sources */,
				65D22AD3202CB4CA00794311 /* AppDelegate.swift in Sources */,
			);
			runOnlyForDeploymentPostprocessing = 0;
		};
		65D22ADF202CB4CA00794311 /* Sources */ = {
			isa = PBXSourcesBuildPhase;
			buildActionMask = 2147483647;
			files = (
				65D22AE8202CB4CA00794311 /* tumblrTests.swift in Sources */,
			);
			runOnlyForDeploymentPostprocessing = 0;
		};
		65D22AEA202CB4CA00794311 /* Sources */ = {
			isa = PBXSourcesBuildPhase;
			buildActionMask = 2147483647;
			files = (
				65D22AF3202CB4CA00794311 /* tumblrUITests.swift in Sources */,
			);
			runOnlyForDeploymentPostprocessing = 0;
		};
/* End PBXSourcesBuildPhase section */

/* Begin PBXTargetDependency section */
		65D22AE5202CB4CA00794311 /* PBXTargetDependency */ = {
			isa = PBXTargetDependency;
			target = 65D22ACE202CB4CA00794311 /* tumblr */;
			targetProxy = 65D22AE4202CB4CA00794311 /* PBXContainerItemProxy */;
		};
		65D22AF0202CB4CA00794311 /* PBXTargetDependency */ = {
			isa = PBXTargetDependency;
			target = 65D22ACE202CB4CA00794311 /* tumblr */;
			targetProxy = 65D22AEF202CB4CA00794311 /* PBXContainerItemProxy */;
		};
/* End PBXTargetDependency section */

/* Begin PBXVariantGroup section */
		65D22AD6202CB4CA00794311 /* Main.storyboard */ = {
			isa = PBXVariantGroup;
			children = (
				65D22AD7202CB4CA00794311 /* Base */,
			);
			name = Main.storyboard;
			sourceTree = "<group>";
		};
		65D22ADB202CB4CA00794311 /* LaunchScreen.storyboard */ = {
			isa = PBXVariantGroup;
			children = (
				65D22ADC202CB4CA00794311 /* Base */,
			);
			name = LaunchScreen.storyboard;
			sourceTree = "<group>";
		};
/* End PBXVariantGroup section */

/* Begin XCBuildConfiguration section */
		65D22AF5202CB4CA00794311 /* Debug */ = {
			isa = XCBuildConfiguration;
			buildSettings = {
				ALWAYS_SEARCH_USER_PATHS = NO;
				CLANG_ANALYZER_NONNULL = YES;
				CLANG_CXX_LANGUAGE_STANDARD = "gnu++0x";
				CLANG_CXX_LIBRARY = "libc++";
				CLANG_ENABLE_MODULES = YES;
				CLANG_ENABLE_OBJC_ARC = YES;
				CLANG_WARN_BOOL_CONVERSION = YES;
				CLANG_WARN_CONSTANT_CONVERSION = YES;
				CLANG_WARN_DIRECT_OBJC_ISA_USAGE = YES_ERROR;
				CLANG_WARN_DOCUMENTATION_COMMENTS = YES;
				CLANG_WARN_EMPTY_BODY = YES;
				CLANG_WARN_ENUM_CONVERSION = YES;
				CLANG_WARN_INFINITE_RECURSION = YES;
				CLANG_WARN_INT_CONVERSION = YES;
				CLANG_WARN_OBJC_ROOT_CLASS = YES_ERROR;
				CLANG_WARN_SUSPICIOUS_MOVE = YES;
				CLANG_WARN_UNREACHABLE_CODE = YES;
				CLANG_WARN__DUPLICATE_METHOD_MATCH = YES;
				"CODE_SIGN_IDENTITY[sdk=iphoneos*]" = "iPhone Developer";
				COPY_PHASE_STRIP = NO;
				DEBUG_INFORMATION_FORMAT = dwarf;
				ENABLE_STRICT_OBJC_MSGSEND = YES;
				ENABLE_TESTABILITY = YES;
				GCC_C_LANGUAGE_STANDARD = gnu99;
				GCC_DYNAMIC_NO_PIC = NO;
				GCC_NO_COMMON_BLOCKS = YES;
				GCC_OPTIMIZATION_LEVEL = 0;
				GCC_PREPROCESSOR_DEFINITIONS = (
					"DEBUG=1",
					"$(inherited)",
				);
				GCC_WARN_64_TO_32_BIT_CONVERSION = YES;
				GCC_WARN_ABOUT_RETURN_TYPE = YES_ERROR;
				GCC_WARN_UNDECLARED_SELECTOR = YES;
				GCC_WARN_UNINITIALIZED_AUTOS = YES_AGGRESSIVE;
				GCC_WARN_UNUSED_FUNCTION = YES;
				GCC_WARN_UNUSED_VARIABLE = YES;
				IPHONEOS_DEPLOYMENT_TARGET = 10.2;
				MTL_ENABLE_DEBUG_INFO = YES;
				ONLY_ACTIVE_ARCH = YES;
				SDKROOT = iphoneos;
				SWIFT_ACTIVE_COMPILATION_CONDITIONS = DEBUG;
				SWIFT_OPTIMIZATION_LEVEL = "-Onone";
				TARGETED_DEVICE_FAMILY = "1,2";
			};
			name = Debug;
		};
		65D22AF6202CB4CA00794311 /* Release */ = {
			isa = XCBuildConfiguration;
			buildSettings = {
				ALWAYS_SEARCH_USER_PATHS = NO;
				CLANG_ANALYZER_NONNULL = YES;
				CLANG_CXX_LANGUAGE_STANDARD = "gnu++0x";
				CLANG_CXX_LIBRARY = "libc++";
				CLANG_ENABLE_MODULES = YES;
				CLANG_ENABLE_OBJC_ARC = YES;
				CLANG_WARN_BOOL_CONVERSION = YES;
				CLANG_WARN_CONSTANT_CONVERSION = YES;
				CLANG_WARN_DIRECT_OBJC_ISA_USAGE = YES_ERROR;
				CLANG_WARN_DOCUMENTATION_COMMENTS = YES;
				CLANG_WARN_EMPTY_BODY = YES;
				CLANG_WARN_ENUM_CONVERSION = YES;
				CLANG_WARN_INFINITE_RECURSION = YES;
				CLANG_WARN_INT_CONVERSION = YES;
				CLANG_WARN_OBJC_ROOT_CLASS = YES_ERROR;
				CLANG_WARN_SUSPICIOUS_MOVE = YES;
				CLANG_WARN_UNREACHABLE_CODE = YES;
				CLANG_WARN__DUPLICATE_METHOD_MATCH = YES;
				"CODE_SIGN_IDENTITY[sdk=iphoneos*]" = "iPhone Developer";
				COPY_PHASE_STRIP = NO;
				DEBUG_INFORMATION_FORMAT = "dwarf-with-dsym";
				ENABLE_NS_ASSERTIONS = NO;
				ENABLE_STRICT_OBJC_MSGSEND = YES;
				GCC_C_LANGUAGE_STANDARD = gnu99;
				GCC_NO_COMMON_BLOCKS = YES;
				GCC_WARN_64_TO_32_BIT_CONVERSION = YES;
				GCC_WARN_ABOUT_RETURN_TYPE = YES_ERROR;
				GCC_WARN_UNDECLARED_SELECTOR = YES;
				GCC_WARN_UNINITIALIZED_AUTOS = YES_AGGRESSIVE;
				GCC_WARN_UNUSED_FUNCTION = YES;
				GCC_WARN_UNUSED_VARIABLE = YES;
				IPHONEOS_DEPLOYMENT_TARGET = 10.2;
				MTL_ENABLE_DEBUG_INFO = NO;
				SDKROOT = iphoneos;
				SWIFT_OPTIMIZATION_LEVEL = "-Owholemodule";
				TARGETED_DEVICE_FAMILY = "1,2";
				VALIDATE_PRODUCT = YES;
			};
			name = Release;
		};
		65D22AF8202CB4CA00794311 /* Debug */ = {
			isa = XCBuildConfiguration;
			buildSettings = {
				ASSETCATALOG_COMPILER_APPICON_NAME = AppIcon;
				INFOPLIST_FILE = tumblr/Info.plist;
				LD_RUNPATH_SEARCH_PATHS = "$(inherited) @executable_path/Frameworks";
				PRODUCT_BUNDLE_IDENTIFIER = ss.tumblr;
				PRODUCT_NAME = "$(TARGET_NAME)";
				SWIFT_VERSION = 3.0;
			};
			name = Debug;
		};
		65D22AF9202CB4CA00794311 /* Release */ = {
			isa = XCBuildConfiguration;
			buildSettings = {
				ASSETCATALOG_COMPILER_APPICON_NAME = AppIcon;
				INFOPLIST_FILE = tumblr/Info.plist;
				LD_RUNPATH_SEARCH_PATHS = "$(inherited) @executable_path/Frameworks";
				PRODUCT_BUNDLE_IDENTIFIER = ss.tumblr;
				PRODUCT_NAME = "$(TARGET_NAME)";
				SWIFT_VERSION = 3.0;
			};
			name = Release;
		};
		65D22AFB202CB4CA00794311 /* Debug */ = {
			isa = XCBuildConfiguration;
			buildSettings = {
				ALWAYS_EMBED_SWIFT_STANDARD_LIBRARIES = YES;
				BUNDLE_LOADER = "$(TEST_HOST)";
				INFOPLIST_FILE = tumblrTests/Info.plist;
				LD_RUNPATH_SEARCH_PATHS = "$(inherited) @executable_path/Frameworks @loader_path/Frameworks";
				PRODUCT_BUNDLE_IDENTIFIER = ss.tumblrTests;
				PRODUCT_NAME = "$(TARGET_NAME)";
				SWIFT_VERSION = 3.0;
				TEST_HOST = "$(BUILT_PRODUCTS_DIR)/tumblr.app/tumblr";
			};
			name = Debug;
		};
		65D22AFC202CB4CA00794311 /* Release */ = {
			isa = XCBuildConfiguration;
			buildSettings = {
				ALWAYS_EMBED_SWIFT_STANDARD_LIBRARIES = YES;
				BUNDLE_LOADER = "$(TEST_HOST)";
				INFOPLIST_FILE = tumblrTests/Info.plist;
				LD_RUNPATH_SEARCH_PATHS = "$(inherited) @executable_path/Frameworks @loader_path/Frameworks";
				PRODUCT_BUNDLE_IDENTIFIER = ss.tumblrTests;
				PRODUCT_NAME = "$(TARGET_NAME)";
				SWIFT_VERSION = 3.0;
				TEST_HOST = "$(BUILT_PRODUCTS_DIR)/tumblr.app/tumblr";
			};
			name = Release;
		};
		65D22AFE202CB4CA00794311 /* Debug */ = {
			isa = XCBuildConfiguration;
			buildSettings = {
				ALWAYS_EMBED_SWIFT_STANDARD_LIBRARIES = YES;
				INFOPLIST_FILE = tumblrUITests/Info.plist;
				LD_RUNPATH_SEARCH_PATHS = "$(inherited) @executable_path/Frameworks @loader_path/Frameworks";
				PRODUCT_BUNDLE_IDENTIFIER = ss.tumblrUITests;
				PRODUCT_NAME = "$(TARGET_NAME)";
				SWIFT_VERSION = 3.0;
				TEST_TARGET_NAME = tumblr;
			};
			name = Debug;
		};
		65D22AFF202CB4CA00794311 /* Release */ = {
			isa = XCBuildConfiguration;
			buildSettings = {
				ALWAYS_EMBED_SWIFT_STANDARD_LIBRARIES = YES;
				INFOPLIST_FILE = tumblrUITests/Info.plist;
				LD_RUNPATH_SEARCH_PATHS = "$(inherited) @executable_path/Frameworks @loader_path/Frameworks";
				PRODUCT_BUNDLE_IDENTIFIER = ss.tumblrUITests;
				PRODUCT_NAME = "$(TARGET_NAME)";
				SWIFT_VERSION = 3.0;
				TEST_TARGET_NAME = tumblr;
			};
			name = Release;
		};
/* End XCBuildConfiguration section */

/* Begin XCConfigurationList section */
		65D22ACA202CB4CA00794311 /* Build configuration list for PBXProject "tumblr" */ = {
			isa = XCConfigurationList;
			buildConfigurations = (
				65D22AF5202CB4CA00794311 /* Debug */,
				65D22AF6202CB4CA00794311 /* Release */,
			);
			defaultConfigurationIsVisible = 0;
			defaultConfigurationName = Release;
		};
		65D22AF7202CB4CA00794311 /* Build configuration list for PBXNativeTarget "tumblr" */ = {
			isa = XCConfigurationList;
			buildConfigurations = (
				65D22AF8202CB4CA00794311 /* Debug */,
				65D22AF9202CB4CA00794311 /* Release */,
			);
			defaultConfigurationIsVisible = 0;
		};
		65D22AFA202CB4CA00794311 /* Build configuration list for PBXNativeTarget "tumblrTests" */ = {
			isa = XCConfigurationList;
			buildConfigurations = (
				65D22AFB202CB4CA00794311 /* Debug */,
				65D22AFC202CB4CA00794311 /* Release */,
			);
			defaultConfigurationIsVisible = 0;
		};
		65D22AFD202CB4CA00794311 /* Build configuration list for PBXNativeTarget "tumblrUITests" */ = {
			isa = XCConfigurationList;
			buildConfigurations = (
				65D22AFE202CB4CA00794311 /* Debug */,
				65D22AFF202CB4CA00794311 /* Release */,
			);
			defaultConfigurationIsVisible = 0;
		};
/* End XCConfigurationList section */
	};
	rootObject = 65D22AC7202CB4CA00794311 /* Project object */;
}
